// !$*UTF8*$!
{
	archiveVersion = 1;
	classes = {
	};
	objectVersion = 46;
	objects = {

/* Begin PBXBuildFile section */
		103939FC1E08DF710089F9E4 /* AppDelegate.swift in Sources */ = {isa = PBXBuildFile; fileRef = 103939FB1E08DF710089F9E4 /* AppDelegate.swift */; };
		103939FE1E08DF710089F9E4 /* ViewController.swift in Sources */ = {isa = PBXBuildFile; fileRef = 103939FD1E08DF710089F9E4 /* ViewController.swift */; };
		10393A011E08DF710089F9E4 /* Main.storyboard in Resources */ = {isa = PBXBuildFile; fileRef = 103939FF1E08DF710089F9E4 /* Main.storyboard */; };
		10393A041E08DF710089F9E4 /* Green_Tile.xcdatamodeld in Sources */ = {isa = PBXBuildFile; fileRef = 10393A021E08DF710089F9E4 /* Green_Tile.xcdatamodeld */; };
		10393A061E08DF710089F9E4 /* Assets.xcassets in Resources */ = {isa = PBXBuildFile; fileRef = 10393A051E08DF710089F9E4 /* Assets.xcassets */; };
		10393A091E08DF710089F9E4 /* LaunchScreen.storyboard in Resources */ = {isa = PBXBuildFile; fileRef = 10393A071E08DF710089F9E4 /* LaunchScreen.storyboard */; };
		10393A141E08DF720089F9E4 /* Green_TileTests.swift in Sources */ = {isa = PBXBuildFile; fileRef = 10393A131E08DF720089F9E4 /* Green_TileTests.swift */; };
		10393A1F1E08DF720089F9E4 /* Green_TileUITests.swift in Sources */ = {isa = PBXBuildFile; fileRef = 10393A1E1E08DF720089F9E4 /* Green_TileUITests.swift */; };
		10393A2D1E08E3260089F9E4 /* GameViewController.swift in Sources */ = {isa = PBXBuildFile; fileRef = 10393A2C1E08E3260089F9E4 /* GameViewController.swift */; };
		10393A2F1E08E3320089F9E4 /* EndViewController.swift in Sources */ = {isa = PBXBuildFile; fileRef = 10393A2E1E08E3320089F9E4 /* EndViewController.swift */; };
		10393A311E08E5E70089F9E4 /* CellController.swift in Sources */ = {isa = PBXBuildFile; fileRef = 10393A301E08E5E70089F9E4 /* CellController.swift */; };
		10393A391E08F8B00089F9E4 /* wrong.mp3 in Resources */ = {isa = PBXBuildFile; fileRef = 10393A371E08F8B00089F9E4 /* wrong.mp3 */; };
		10393A3A1E08F8B00089F9E4 /* correct.mp3 in Resources */ = {isa = PBXBuildFile; fileRef = 10393A381E08F8B00089F9E4 /* correct.mp3 */; };
		10706DA81E0B4A8900DB0932 /* ic_launcher.png in Resources */ = {isa = PBXBuildFile; fileRef = 10706D721E0B4A8900DB0932 /* ic_launcher.png */; };
		10706DA91E0B4A8900DB0932 /* ic_launcher.png in Resources */ = {isa = PBXBuildFile; fileRef = 10706D741E0B4A8900DB0932 /* ic_launcher.png */; };
		10706DAA1E0B4A8900DB0932 /* ic_launcher.png in Resources */ = {isa = PBXBuildFile; fileRef = 10706D761E0B4A8900DB0932 /* ic_launcher.png */; };
		10706DAB1E0B4A8900DB0932 /* ic_launcher.png in Resources */ = {isa = PBXBuildFile; fileRef = 10706D781E0B4A8900DB0932 /* ic_launcher.png */; };
		10706DAC1E0B4A8900DB0932 /* ic_launcher.png in Resources */ = {isa = PBXBuildFile; fileRef = 10706D7A1E0B4A8900DB0932 /* ic_launcher.png */; };
		10706DAD1E0B4A8900DB0932 /* ic_launcher.png in Resources */ = {isa = PBXBuildFile; fileRef = 10706D7C1E0B4A8900DB0932 /* ic_launcher.png */; };
		10706DAE1E0B4A8900DB0932 /* playstore-icon.png in Resources */ = {isa = PBXBuildFile; fileRef = 10706D7D1E0B4A8900DB0932 /* playstore-icon.png */; };
		10706DAF1E0B4A8900DB0932 /* icon-messages-app-27x20@1x.png in Resources */ = {isa = PBXBuildFile; fileRef = 10706D7F1E0B4A8900DB0932 /* icon-messages-app-27x20@1x.png */; };
		10706DB01E0B4A8900DB0932 /* icon-messages-app-27x20@2x.png in Resources */ = {isa = PBXBuildFile; fileRef = 10706D801E0B4A8900DB0932 /* icon-messages-app-27x20@2x.png */; };
		10706DB11E0B4A8900DB0932 /* icon-messages-app-27x20@3x.png in Resources */ = {isa = PBXBuildFile; fileRef = 10706D811E0B4A8900DB0932 /* icon-messages-app-27x20@3x.png */; };
		10706DB21E0B4A8900DB0932 /* icon-messages-app-iPadAir-67x50@2x.png in Resources */ = {isa = PBXBuildFile; fileRef = 10706D821E0B4A8900DB0932 /* icon-messages-app-iPadAir-67x50@2x.png */; };
		10706DB31E0B4A8900DB0932 /* icon-messages-app-iPadAir-74x55@2x.png in Resources */ = {isa = PBXBuildFile; fileRef = 10706D831E0B4A8900DB0932 /* icon-messages-app-iPadAir-74x55@2x.png */; };
		10706DB41E0B4A8900DB0932 /* icon-messages-app-iPhone-60x45@1x.png in Resources */ = {isa = PBXBuildFile; fileRef = 10706D841E0B4A8900DB0932 /* icon-messages-app-iPhone-60x45@1x.png */; };
		10706DB51E0B4A8900DB0932 /* icon-messages-app-iPhone-60x45@2x.png in Resources */ = {isa = PBXBuildFile; fileRef = 10706D851E0B4A8900DB0932 /* icon-messages-app-iPhone-60x45@2x.png */; };
		10706DB61E0B4A8900DB0932 /* icon-messages-app-iPhone-60x45@3x.png in Resources */ = {isa = PBXBuildFile; fileRef = 10706D861E0B4A8900DB0932 /* icon-messages-app-iPhone-60x45@3x.png */; };
		10706DB71E0B4A8900DB0932 /* icon-messages-app-store-1024x768.png in Resources */ = {isa = PBXBuildFile; fileRef = 10706D871E0B4A8900DB0932 /* icon-messages-app-store-1024x768.png */; };
		10706DB81E0B4A8900DB0932 /* icon-messages-transcript-32x24@1x.png in Resources */ = {isa = PBXBuildFile; fileRef = 10706D881E0B4A8900DB0932 /* icon-messages-transcript-32x24@1x.png */; };
		10706DB91E0B4A8900DB0932 /* icon-messages-transcript-32x24@2x.png in Resources */ = {isa = PBXBuildFile; fileRef = 10706D891E0B4A8900DB0932 /* icon-messages-transcript-32x24@2x.png */; };
		10706DBA1E0B4A8900DB0932 /* icon-messages-transcript-32x24@3x.png in Resources */ = {isa = PBXBuildFile; fileRef = 10706D8A1E0B4A8900DB0932 /* icon-messages-transcript-32x24@3x.png */; };
		10706DBB1E0B4A8900DB0932 /* Contents.json in Resources */ = {isa = PBXBuildFile; fileRef = 10706D8D1E0B4A8900DB0932 /* Contents.json */; };
		10706DBC1E0B4A8900DB0932 /* Icon-App-20x20@1x.png in Resources */ = {isa = PBXBuildFile; fileRef = 10706D8E1E0B4A8900DB0932 /* Icon-App-20x20@1x.png */; };
		10706DBD1E0B4A8900DB0932 /* Icon-App-20x20@2x.png in Resources */ = {isa = PBXBuildFile; fileRef = 10706D8F1E0B4A8900DB0932 /* Icon-App-20x20@2x.png */; };
		10706DBE1E0B4A8900DB0932 /* Icon-App-20x20@3x.png in Resources */ = {isa = PBXBuildFile; fileRef = 10706D901E0B4A8900DB0932 /* Icon-App-20x20@3x.png */; };
		10706DBF1E0B4A8900DB0932 /* Icon-App-29x29@1x.png in Resources */ = {isa = PBXBuildFile; fileRef = 10706D911E0B4A8900DB0932 /* Icon-App-29x29@1x.png */; };
		10706DC01E0B4A8900DB0932 /* Icon-App-29x29@2x.png in Resources */ = {isa = PBXBuildFile; fileRef = 10706D921E0B4A8900DB0932 /* Icon-App-29x29@2x.png */; };
		10706DC11E0B4A8900DB0932 /* Icon-App-29x29@3x.png in Resources */ = {isa = PBXBuildFile; fileRef = 10706D931E0B4A8900DB0932 /* Icon-App-29x29@3x.png */; };
		10706DC21E0B4A8900DB0932 /* Icon-App-40x40@1x.png in Resources */ = {isa = PBXBuildFile; fileRef = 10706D941E0B4A8900DB0932 /* Icon-App-40x40@1x.png */; };
		10706DC31E0B4A8900DB0932 /* Icon-App-40x40@2x.png in Resources */ = {isa = PBXBuildFile; fileRef = 10706D951E0B4A8900DB0932 /* Icon-App-40x40@2x.png */; };
		10706DC41E0B4A8900DB0932 /* Icon-App-40x40@3x.png in Resources */ = {isa = PBXBuildFile; fileRef = 10706D961E0B4A8900DB0932 /* Icon-App-40x40@3x.png */; };
		10706DC51E0B4A8900DB0932 /* Icon-App-57x57@1x.png in Resources */ = {isa = PBXBuildFile; fileRef = 10706D971E0B4A8900DB0932 /* Icon-App-57x57@1x.png */; };
		10706DC61E0B4A8900DB0932 /* Icon-App-57x57@2x.png in Resources */ = {isa = PBXBuildFile; fileRef = 10706D981E0B4A8900DB0932 /* Icon-App-57x57@2x.png */; };
		10706DC71E0B4A8900DB0932 /* Icon-App-60x60@1x.png in Resources */ = {isa = PBXBuildFile; fileRef = 10706D991E0B4A8900DB0932 /* Icon-App-60x60@1x.png */; };
		10706DC81E0B4A8900DB0932 /* Icon-App-60x60@2x.png in Resources */ = {isa = PBXBuildFile; fileRef = 10706D9A1E0B4A8900DB0932 /* Icon-App-60x60@2x.png */; };
		10706DC91E0B4A8900DB0932 /* Icon-App-60x60@3x.png in Resources */ = {isa = PBXBuildFile; fileRef = 10706D9B1E0B4A8900DB0932 /* Icon-App-60x60@3x.png */; };
		10706DCA1E0B4A8900DB0932 /* Icon-App-72x72@1x.png in Resources */ = {isa = PBXBuildFile; fileRef = 10706D9C1E0B4A8900DB0932 /* Icon-App-72x72@1x.png */; };
		10706DCB1E0B4A8900DB0932 /* Icon-App-72x72@2x.png in Resources */ = {isa = PBXBuildFile; fileRef = 10706D9D1E0B4A8900DB0932 /* Icon-App-72x72@2x.png */; };
		10706DCC1E0B4A8900DB0932 /* Icon-App-76x76@1x.png in Resources */ = {isa = PBXBuildFile; fileRef = 10706D9E1E0B4A8900DB0932 /* Icon-App-76x76@1x.png */; };
		10706DCD1E0B4A8900DB0932 /* Icon-App-76x76@2x.png in Resources */ = {isa = PBXBuildFile; fileRef = 10706D9F1E0B4A8900DB0932 /* Icon-App-76x76@2x.png */; };
		10706DCE1E0B4A8900DB0932 /* Icon-App-76x76@3x.png in Resources */ = {isa = PBXBuildFile; fileRef = 10706DA01E0B4A8900DB0932 /* Icon-App-76x76@3x.png */; };
		10706DCF1E0B4A8900DB0932 /* Icon-App-83.5x83.5@2x.png in Resources */ = {isa = PBXBuildFile; fileRef = 10706DA11E0B4A8900DB0932 /* Icon-App-83.5x83.5@2x.png */; };
		10706DD01E0B4A8900DB0932 /* Icon-Small-50x50@1x.png in Resources */ = {isa = PBXBuildFile; fileRef = 10706DA21E0B4A8900DB0932 /* Icon-Small-50x50@1x.png */; };
		10706DD11E0B4A8900DB0932 /* Icon-Small-50x50@2x.png in Resources */ = {isa = PBXBuildFile; fileRef = 10706DA31E0B4A8900DB0932 /* Icon-Small-50x50@2x.png */; };
		10706DD21E0B4A8900DB0932 /* iTunesArtwork@1x.png in Resources */ = {isa = PBXBuildFile; fileRef = 10706DA41E0B4A8900DB0932 /* iTunesArtwork@1x.png */; };
		10706DD31E0B4A8900DB0932 /* iTunesArtwork@2x.png in Resources */ = {isa = PBXBuildFile; fileRef = 10706DA51E0B4A8900DB0932 /* iTunesArtwork@2x.png */; };
		10706DD41E0B4A8900DB0932 /* iTunesArtwork@3x.png in Resources */ = {isa = PBXBuildFile; fileRef = 10706DA61E0B4A8900DB0932 /* iTunesArtwork@3x.png */; };
		10706DD51E0B4A8900DB0932 /* README.md in Sources */ = {isa = PBXBuildFile; fileRef = 10706DA71E0B4A8900DB0932 /* README.md */; };
/* End PBXBuildFile section */

/* Begin PBXContainerItemProxy section */
		10393A101E08DF720089F9E4 /* PBXContainerItemProxy */ = {
			isa = PBXContainerItemProxy;
			containerPortal = 103939F01E08DF710089F9E4 /* Project object */;
			proxyType = 1;
			remoteGlobalIDString = 103939F71E08DF710089F9E4;
			remoteInfo = "Green Tile";
		};
		10393A1B1E08DF720089F9E4 /* PBXContainerItemProxy */ = {
			isa = PBXContainerItemProxy;
			containerPortal = 103939F01E08DF710089F9E4 /* Project object */;
			proxyType = 1;
			remoteGlobalIDString = 103939F71E08DF710089F9E4;
			remoteInfo = "Green Tile";
		};
/* End PBXContainerItemProxy section */

/* Begin PBXFileReference section */
		103939F81E08DF710089F9E4 /* Green Tile.app */ = {isa = PBXFileReference; explicitFileType = wrapper.application; includeInIndex = 0; path = "Green Tile.app"; sourceTree = BUILT_PRODUCTS_DIR; };
		103939FB1E08DF710089F9E4 /* AppDelegate.swift */ = {isa = PBXFileReference; lastKnownFileType = sourcecode.swift; path = AppDelegate.swift; sourceTree = "<group>"; };
		103939FD1E08DF710089F9E4 /* ViewController.swift */ = {isa = PBXFileReference; lastKnownFileType = sourcecode.swift; path = ViewController.swift; sourceTree = "<group>"; };
		10393A001E08DF710089F9E4 /* Base */ = {isa = PBXFileReference; lastKnownFileType = file.storyboard; name = Base; path = Base.lproj/Main.storyboard; sourceTree = "<group>"; };
		10393A031E08DF710089F9E4 /* Green_Tile.xcdatamodel */ = {isa = PBXFileReference; lastKnownFileType = wrapper.xcdatamodel; path = Green_Tile.xcdatamodel; sourceTree = "<group>"; };
		10393A051E08DF710089F9E4 /* Assets.xcassets */ = {isa = PBXFileReference; lastKnownFileType = folder.assetcatalog; path = Assets.xcassets; sourceTree = "<group>"; };
		10393A081E08DF710089F9E4 /* Base */ = {isa = PBXFileReference; lastKnownFileType = file.storyboard; name = Base; path = Base.lproj/LaunchScreen.storyboard; sourceTree = "<group>"; };
		10393A0A1E08DF710089F9E4 /* Info.plist */ = {isa = PBXFileReference; lastKnownFileType = text.plist.xml; path = Info.plist; sourceTree = "<group>"; };
		10393A0F1E08DF720089F9E4 /* Green TileTests.xctest */ = {isa = PBXFileReference; explicitFileType = wrapper.cfbundle; includeInIndex = 0; path = "Green TileTests.xctest"; sourceTree = BUILT_PRODUCTS_DIR; };
		10393A131E08DF720089F9E4 /* Green_TileTests.swift */ = {isa = PBXFileReference; lastKnownFileType = sourcecode.swift; path = Green_TileTests.swift; sourceTree = "<group>"; };
		10393A151E08DF720089F9E4 /* Info.plist */ = {isa = PBXFileReference; lastKnownFileType = text.plist.xml; path = Info.plist; sourceTree = "<group>"; };
		10393A1A1E08DF720089F9E4 /* Green TileUITests.xctest */ = {isa = PBXFileReference; explicitFileType = wrapper.cfbundle; includeInIndex = 0; path = "Green TileUITests.xctest"; sourceTree = BUILT_PRODUCTS_DIR; };
		10393A1E1E08DF720089F9E4 /* Green_TileUITests.swift */ = {isa = PBXFileReference; lastKnownFileType = sourcecode.swift; path = Green_TileUITests.swift; sourceTree = "<group>"; };
		10393A201E08DF720089F9E4 /* Info.plist */ = {isa = PBXFileReference; lastKnownFileType = text.plist.xml; path = Info.plist; sourceTree = "<group>"; };
		10393A2C1E08E3260089F9E4 /* GameViewController.swift */ = {isa = PBXFileReference; fileEncoding = 4; lastKnownFileType = sourcecode.swift; path = GameViewController.swift; sourceTree = "<group>"; };
		10393A2E1E08E3320089F9E4 /* EndViewController.swift */ = {isa = PBXFileReference; fileEncoding = 4; lastKnownFileType = sourcecode.swift; path = EndViewController.swift; sourceTree = "<group>"; };
		10393A301E08E5E70089F9E4 /* CellController.swift */ = {isa = PBXFileReference; fileEncoding = 4; lastKnownFileType = sourcecode.swift; path = CellController.swift; sourceTree = "<group>"; };
		10393A371E08F8B00089F9E4 /* wrong.mp3 */ = {isa = PBXFileReference; lastKnownFileType = audio.mp3; path = wrong.mp3; sourceTree = "<group>"; };
		10393A381E08F8B00089F9E4 /* correct.mp3 */ = {isa = PBXFileReference; lastKnownFileType = audio.mp3; path = correct.mp3; sourceTree = "<group>"; };
		10706D721E0B4A8900DB0932 /* ic_launcher.png */ = {isa = PBXFileReference; lastKnownFileType = image.png; path = ic_launcher.png; sourceTree = "<group>"; };
		10706D741E0B4A8900DB0932 /* ic_launcher.png */ = {isa = PBXFileReference; lastKnownFileType = image.png; path = ic_launcher.png; sourceTree = "<group>"; };
		10706D761E0B4A8900DB0932 /* ic_launcher.png */ = {isa = PBXFileReference; lastKnownFileType = image.png; path = ic_launcher.png; sourceTree = "<group>"; };
		10706D781E0B4A8900DB0932 /* ic_launcher.png */ = {isa = PBXFileReference; lastKnownFileType = image.png; path = ic_launcher.png; sourceTree = "<group>"; };
		10706D7A1E0B4A8900DB0932 /* ic_launcher.png */ = {isa = PBXFileReference; lastKnownFileType = image.png; path = ic_launcher.png; sourceTree = "<group>"; };
		10706D7C1E0B4A8900DB0932 /* ic_launcher.png */ = {isa = PBXFileReference; lastKnownFileType = image.png; path = ic_launcher.png; sourceTree = "<group>"; };
		10706D7D1E0B4A8900DB0932 /* playstore-icon.png */ = {isa = PBXFileReference; lastKnownFileType = image.png; path = "playstore-icon.png"; sourceTree = "<group>"; };
		10706D7F1E0B4A8900DB0932 /* icon-messages-app-27x20@1x.png */ = {isa = PBXFileReference; lastKnownFileType = image.png; path = "icon-messages-app-27x20@1x.png"; sourceTree = "<group>"; };
		10706D801E0B4A8900DB0932 /* icon-messages-app-27x20@2x.png */ = {isa = PBXFileReference; lastKnownFileType = image.png; path = "icon-messages-app-27x20@2x.png"; sourceTree = "<group>"; };
		10706D811E0B4A8900DB0932 /* icon-messages-app-27x20@3x.png */ = {isa = PBXFileReference; lastKnownFileType = image.png; path = "icon-messages-app-27x20@3x.png"; sourceTree = "<group>"; };
		10706D821E0B4A8900DB0932 /* icon-messages-app-iPadAir-67x50@2x.png */ = {isa = PBXFileReference; lastKnownFileType = image.png; path = "icon-messages-app-iPadAir-67x50@2x.png"; sourceTree = "<group>"; };
		10706D831E0B4A8900DB0932 /* icon-messages-app-iPadAir-74x55@2x.png */ = {isa = PBXFileReference; lastKnownFileType = image.png; path = "icon-messages-app-iPadAir-74x55@2x.png"; sourceTree = "<group>"; };
		10706D841E0B4A8900DB0932 /* icon-messages-app-iPhone-60x45@1x.png */ = {isa = PBXFileReference; lastKnownFileType = image.png; path = "icon-messages-app-iPhone-60x45@1x.png"; sourceTree = "<group>"; };
		10706D851E0B4A8900DB0932 /* icon-messages-app-iPhone-60x45@2x.png */ = {isa = PBXFileReference; lastKnownFileType = image.png; path = "icon-messages-app-iPhone-60x45@2x.png"; sourceTree = "<group>"; };
		10706D861E0B4A8900DB0932 /* icon-messages-app-iPhone-60x45@3x.png */ = {isa = PBXFileReference; lastKnownFileType = image.png; path = "icon-messages-app-iPhone-60x45@3x.png"; sourceTree = "<group>"; };
		10706D871E0B4A8900DB0932 /* icon-messages-app-store-1024x768.png */ = {isa = PBXFileReference; lastKnownFileType = image.png; path = "icon-messages-app-store-1024x768.png"; sourceTree = "<group>"; };
		10706D881E0B4A8900DB0932 /* icon-messages-transcript-32x24@1x.png */ = {isa = PBXFileReference; lastKnownFileType = image.png; path = "icon-messages-transcript-32x24@1x.png"; sourceTree = "<group>"; };
		10706D891E0B4A8900DB0932 /* icon-messages-transcript-32x24@2x.png */ = {isa = PBXFileReference; lastKnownFileType = image.png; path = "icon-messages-transcript-32x24@2x.png"; sourceTree = "<group>"; };
		10706D8A1E0B4A8900DB0932 /* icon-messages-transcript-32x24@3x.png */ = {isa = PBXFileReference; lastKnownFileType = image.png; path = "icon-messages-transcript-32x24@3x.png"; sourceTree = "<group>"; };
		10706D8D1E0B4A8900DB0932 /* Contents.json */ = {isa = PBXFileReference; fileEncoding = 4; lastKnownFileType = text.json; path = Contents.json; sourceTree = "<group>"; };
		10706D8E1E0B4A8900DB0932 /* Icon-App-20x20@1x.png */ = {isa = PBXFileReference; lastKnownFileType = image.png; path = "Icon-App-20x20@1x.png"; sourceTree = "<group>"; };
		10706D8F1E0B4A8900DB0932 /* Icon-App-20x20@2x.png */ = {isa = PBXFileReference; lastKnownFileType = image.png; path = "Icon-App-20x20@2x.png"; sourceTree = "<group>"; };
		10706D901E0B4A8900DB0932 /* Icon-App-20x20@3x.png */ = {isa = PBXFileReference; lastKnownFileType = image.png; path = "Icon-App-20x20@3x.png"; sourceTree = "<group>"; };
		10706D911E0B4A8900DB0932 /* Icon-App-29x29@1x.png */ = {isa = PBXFileReference; lastKnownFileType = image.png; path = "Icon-App-29x29@1x.png"; sourceTree = "<group>"; };
		10706D921E0B4A8900DB0932 /* Icon-App-29x29@2x.png */ = {isa = PBXFileReference; lastKnownFileType = image.png; path = "Icon-App-29x29@2x.png"; sourceTree = "<group>"; };
		10706D931E0B4A8900DB0932 /* Icon-App-29x29@3x.png */ = {isa = PBXFileReference; lastKnownFileType = image.png; path = "Icon-App-29x29@3x.png"; sourceTree = "<group>"; };
		10706D941E0B4A8900DB0932 /* Icon-App-40x40@1x.png */ = {isa = PBXFileReference; lastKnownFileType = image.png; path = "Icon-App-40x40@1x.png"; sourceTree = "<group>"; };
		10706D951E0B4A8900DB0932 /* Icon-App-40x40@2x.png */ = {isa = PBXFileReference; lastKnownFileType = image.png; path = "Icon-App-40x40@2x.png"; sourceTree = "<group>"; };
		10706D961E0B4A8900DB0932 /* Icon-App-40x40@3x.png */ = {isa = PBXFileReference; lastKnownFileType = image.png; path = "Icon-App-40x40@3x.png"; sourceTree = "<group>"; };
		10706D971E0B4A8900DB0932 /* Icon-App-57x57@1x.png */ = {isa = PBXFileReference; lastKnownFileType = image.png; path = "Icon-App-57x57@1x.png"; sourceTree = "<group>"; };
		10706D981E0B4A8900DB0932 /* Icon-App-57x57@2x.png */ = {isa = PBXFileReference; lastKnownFileType = image.png; path = "Icon-App-57x57@2x.png"; sourceTree = "<group>"; };
		10706D991E0B4A8900DB0932 /* Icon-App-60x60@1x.png */ = {isa = PBXFileReference; lastKnownFileType = image.png; path = "Icon-App-60x60@1x.png"; sourceTree = "<group>"; };
		10706D9A1E0B4A8900DB0932 /* Icon-App-60x60@2x.png */ = {isa = PBXFileReference; lastKnownFileType = image.png; path = "Icon-App-60x60@2x.png"; sourceTree = "<group>"; };
		10706D9B1E0B4A8900DB0932 /* Icon-App-60x60@3x.png */ = {isa = PBXFileReference; lastKnownFileType = image.png; path = "Icon-App-60x60@3x.png"; sourceTree = "<group>"; };
		10706D9C1E0B4A8900DB0932 /* Icon-App-72x72@1x.png */ = {isa = PBXFileReference; lastKnownFileType = image.png; path = "Icon-App-72x72@1x.png"; sourceTree = "<group>"; };
		10706D9D1E0B4A8900DB0932 /* Icon-App-72x72@2x.png */ = {isa = PBXFileReference; lastKnownFileType = image.png; path = "Icon-App-72x72@2x.png"; sourceTree = "<group>"; };
		10706D9E1E0B4A8900DB0932 /* Icon-App-76x76@1x.png */ = {isa = PBXFileReference; lastKnownFileType = image.png; path = "Icon-App-76x76@1x.png"; sourceTree = "<group>"; };
		10706D9F1E0B4A8900DB0932 /* Icon-App-76x76@2x.png */ = {isa = PBXFileReference; lastKnownFileType = image.png; path = "Icon-App-76x76@2x.png"; sourceTree = "<group>"; };
		10706DA01E0B4A8900DB0932 /* Icon-App-76x76@3x.png */ = {isa = PBXFileReference; lastKnownFileType = image.png; path = "Icon-App-76x76@3x.png"; sourceTree = "<group>"; };
		10706DA11E0B4A8900DB0932 /* Icon-App-83.5x83.5@2x.png */ = {isa = PBXFileReference; lastKnownFileType = image.png; path = "Icon-App-83.5x83.5@2x.png"; sourceTree = "<group>"; };
		10706DA21E0B4A8900DB0932 /* Icon-Small-50x50@1x.png */ = {isa = PBXFileReference; lastKnownFileType = image.png; path = "Icon-Small-50x50@1x.png"; sourceTree = "<group>"; };
		10706DA31E0B4A8900DB0932 /* Icon-Small-50x50@2x.png */ = {isa = PBXFileReference; lastKnownFileType = image.png; path = "Icon-Small-50x50@2x.png"; sourceTree = "<group>"; };
		10706DA41E0B4A8900DB0932 /* iTunesArtwork@1x.png */ = {isa = PBXFileReference; lastKnownFileType = image.png; path = "iTunesArtwork@1x.png"; sourceTree = "<group>"; };
		10706DA51E0B4A8900DB0932 /* iTunesArtwork@2x.png */ = {isa = PBXFileReference; lastKnownFileType = image.png; path = "iTunesArtwork@2x.png"; sourceTree = "<group>"; };
		10706DA61E0B4A8900DB0932 /* iTunesArtwork@3x.png */ = {isa = PBXFileReference; lastKnownFileType = image.png; path = "iTunesArtwork@3x.png"; sourceTree = "<group>"; };
		10706DA71E0B4A8900DB0932 /* README.md */ = {isa = PBXFileReference; fileEncoding = 4; lastKnownFileType = net.daringfireball.markdown; path = README.md; sourceTree = "<group>"; };
/* End PBXFileReference section */

/* Begin PBXFrameworksBuildPhase section */
		103939F51E08DF710089F9E4 /* Frameworks */ = {
			isa = PBXFrameworksBuildPhase;
			buildActionMask = 2147483647;
			files = (
			);
			runOnlyForDeploymentPostprocessing = 0;
		};
		10393A0C1E08DF720089F9E4 /* Frameworks */ = {
			isa = PBXFrameworksBuildPhase;
			buildActionMask = 2147483647;
			files = (
			);
			runOnlyForDeploymentPostprocessing = 0;
		};
		10393A171E08DF720089F9E4 /* Frameworks */ = {
			isa = PBXFrameworksBuildPhase;
			buildActionMask = 2147483647;
			files = (
			);
			runOnlyForDeploymentPostprocessing = 0;
		};
/* End PBXFrameworksBuildPhase section */

/* Begin PBXGroup section */
		103939EF1E08DF710089F9E4 = {
			isa = PBXGroup;
			children = (
				103939FA1E08DF710089F9E4 /* Green Tile */,
				10393A121E08DF720089F9E4 /* Green TileTests */,
				10393A1D1E08DF720089F9E4 /* Green TileUITests */,
				103939F91E08DF710089F9E4 /* Products */,
				10706D6F1E0B4A8900DB0932 /* GreenTileIcon */,
				10393A361E08F0DC0089F9E4 /* Sounds */,
			);
			sourceTree = "<group>";
		};
		103939F91E08DF710089F9E4 /* Products */ = {
			isa = PBXGroup;
			children = (
				103939F81E08DF710089F9E4 /* Green Tile.app */,
				10393A0F1E08DF720089F9E4 /* Green TileTests.xctest */,
				10393A1A1E08DF720089F9E4 /* Green TileUITests.xctest */,
			);
			name = Products;
			sourceTree = "<group>";
		};
		103939FA1E08DF710089F9E4 /* Green Tile */ = {
			isa = PBXGroup;
			children = (
				103939FB1E08DF710089F9E4 /* AppDelegate.swift */,
				103939FD1E08DF710089F9E4 /* ViewController.swift */,
				10393A2C1E08E3260089F9E4 /* GameViewController.swift */,
				10393A2E1E08E3320089F9E4 /* EndViewController.swift */,
				10393A301E08E5E70089F9E4 /* CellController.swift */,
				103939FF1E08DF710089F9E4 /* Main.storyboard */,
				10393A051E08DF710089F9E4 /* Assets.xcassets */,
				10393A071E08DF710089F9E4 /* LaunchScreen.storyboard */,
				10393A0A1E08DF710089F9E4 /* Info.plist */,
				10393A021E08DF710089F9E4 /* Green_Tile.xcdatamodeld */,
			);
			path = "Green Tile";
			sourceTree = "<group>";
		};
		10393A121E08DF720089F9E4 /* Green TileTests */ = {
			isa = PBXGroup;
			children = (
				10393A131E08DF720089F9E4 /* Green_TileTests.swift */,
				10393A151E08DF720089F9E4 /* Info.plist */,
			);
			path = "Green TileTests";
			sourceTree = "<group>";
		};
		10393A1D1E08DF720089F9E4 /* Green TileUITests */ = {
			isa = PBXGroup;
			children = (
				10393A1E1E08DF720089F9E4 /* Green_TileUITests.swift */,
				10393A201E08DF720089F9E4 /* Info.plist */,
			);
			path = "Green TileUITests";
			sourceTree = "<group>";
		};
		10393A361E08F0DC0089F9E4 /* Sounds */ = {
			isa = PBXGroup;
			children = (
				10393A371E08F8B00089F9E4 /* wrong.mp3 */,
				10393A381E08F8B00089F9E4 /* correct.mp3 */,
			);
			name = Sounds;
			sourceTree = "<group>";
		};
		10706D6F1E0B4A8900DB0932 /* GreenTileIcon */ = {
			isa = PBXGroup;
			children = (
				10706D701E0B4A8900DB0932 /* android */,
				10706D7E1E0B4A8900DB0932 /* imessenger */,
				10706D8B1E0B4A8900DB0932 /* ios */,
			);
			path = GreenTileIcon;
			sourceTree = "<group>";
		};
		10706D701E0B4A8900DB0932 /* android */ = {
			isa = PBXGroup;
			children = (
				10706D711E0B4A8900DB0932 /* mipmap-hdpi */,
				10706D731E0B4A8900DB0932 /* mipmap-ldpi */,
				10706D751E0B4A8900DB0932 /* mipmap-mdpi */,
				10706D771E0B4A8900DB0932 /* mipmap-xhdpi */,
				10706D791E0B4A8900DB0932 /* mipmap-xxhdpi */,
				10706D7B1E0B4A8900DB0932 /* mipmap-xxxhdpi */,
				10706D7D1E0B4A8900DB0932 /* playstore-icon.png */,
			);
			path = android;
			sourceTree = "<group>";
		};
		10706D711E0B4A8900DB0932 /* mipmap-hdpi */ = {
			isa = PBXGroup;
			children = (
				10706D721E0B4A8900DB0932 /* ic_launcher.png */,
			);
			path = "mipmap-hdpi";
			sourceTree = "<group>";
		};
		10706D731E0B4A8900DB0932 /* mipmap-ldpi */ = {
			isa = PBXGroup;
			children = (
				10706D741E0B4A8900DB0932 /* ic_launcher.png */,
			);
			path = "mipmap-ldpi";
			sourceTree = "<group>";
		};
		10706D751E0B4A8900DB0932 /* mipmap-mdpi */ = {
			isa = PBXGroup;
			children = (
				10706D761E0B4A8900DB0932 /* ic_launcher.png */,
			);
			path = "mipmap-mdpi";
			sourceTree = "<group>";
		};
		10706D771E0B4A8900DB0932 /* mipmap-xhdpi */ = {
			isa = PBXGroup;
			children = (
				10706D781E0B4A8900DB0932 /* ic_launcher.png */,
			);
			path = "mipmap-xhdpi";
			sourceTree = "<group>";
		};
		10706D791E0B4A8900DB0932 /* mipmap-xxhdpi */ = {
			isa = PBXGroup;
			children = (
				10706D7A1E0B4A8900DB0932 /* ic_launcher.png */,
			);
			path = "mipmap-xxhdpi";
			sourceTree = "<group>";
		};
		10706D7B1E0B4A8900DB0932 /* mipmap-xxxhdpi */ = {
			isa = PBXGroup;
			children = (
				10706D7C1E0B4A8900DB0932 /* ic_launcher.png */,
			);
			path = "mipmap-xxxhdpi";
			sourceTree = "<group>";
		};
		10706D7E1E0B4A8900DB0932 /* imessenger */ = {
			isa = PBXGroup;
			children = (
				10706D7F1E0B4A8900DB0932 /* icon-messages-app-27x20@1x.png */,
				10706D801E0B4A8900DB0932 /* icon-messages-app-27x20@2x.png */,
				10706D811E0B4A8900DB0932 /* icon-messages-app-27x20@3x.png */,
				10706D821E0B4A8900DB0932 /* icon-messages-app-iPadAir-67x50@2x.png */,
				10706D831E0B4A8900DB0932 /* icon-messages-app-iPadAir-74x55@2x.png */,
				10706D841E0B4A8900DB0932 /* icon-messages-app-iPhone-60x45@1x.png */,
				10706D851E0B4A8900DB0932 /* icon-messages-app-iPhone-60x45@2x.png */,
				10706D861E0B4A8900DB0932 /* icon-messages-app-iPhone-60x45@3x.png */,
				10706D871E0B4A8900DB0932 /* icon-messages-app-store-1024x768.png */,
				10706D881E0B4A8900DB0932 /* icon-messages-transcript-32x24@1x.png */,
				10706D891E0B4A8900DB0932 /* icon-messages-transcript-32x24@2x.png */,
				10706D8A1E0B4A8900DB0932 /* icon-messages-transcript-32x24@3x.png */,
			);
			path = imessenger;
			sourceTree = "<group>";
		};
		10706D8B1E0B4A8900DB0932 /* ios */ = {
			isa = PBXGroup;
			children = (
				10706D8C1E0B4A8900DB0932 /* AppIcon.appiconset */,
				10706DA41E0B4A8900DB0932 /* iTunesArtwork@1x.png */,
				10706DA51E0B4A8900DB0932 /* iTunesArtwork@2x.png */,
				10706DA61E0B4A8900DB0932 /* iTunesArtwork@3x.png */,
				10706DA71E0B4A8900DB0932 /* README.md */,
			);
			path = ios;
			sourceTree = "<group>";
		};
		10706D8C1E0B4A8900DB0932 /* AppIcon.appiconset */ = {
			isa = PBXGroup;
			children = (
				10706D8D1E0B4A8900DB0932 /* Contents.json */,
				10706D8E1E0B4A8900DB0932 /* Icon-App-20x20@1x.png */,
				10706D8F1E0B4A8900DB0932 /* Icon-App-20x20@2x.png */,
				10706D901E0B4A8900DB0932 /* Icon-App-20x20@3x.png */,
				10706D911E0B4A8900DB0932 /* Icon-App-29x29@1x.png */,
				10706D921E0B4A8900DB0932 /* Icon-App-29x29@2x.png */,
				10706D931E0B4A8900DB0932 /* Icon-App-29x29@3x.png */,
				10706D941E0B4A8900DB0932 /* Icon-App-40x40@1x.png */,
				10706D951E0B4A8900DB0932 /* Icon-App-40x40@2x.png */,
				10706D961E0B4A8900DB0932 /* Icon-App-40x40@3x.png */,
				10706D971E0B4A8900DB0932 /* Icon-App-57x57@1x.png */,
				10706D981E0B4A8900DB0932 /* Icon-App-57x57@2x.png */,
				10706D991E0B4A8900DB0932 /* Icon-App-60x60@1x.png */,
				10706D9A1E0B4A8900DB0932 /* Icon-App-60x60@2x.png */,
				10706D9B1E0B4A8900DB0932 /* Icon-App-60x60@3x.png */,
				10706D9C1E0B4A8900DB0932 /* Icon-App-72x72@1x.png */,
				10706D9D1E0B4A8900DB0932 /* Icon-App-72x72@2x.png */,
				10706D9E1E0B4A8900DB0932 /* Icon-App-76x76@1x.png */,
				10706D9F1E0B4A8900DB0932 /* Icon-App-76x76@2x.png */,
				10706DA01E0B4A8900DB0932 /* Icon-App-76x76@3x.png */,
				10706DA11E0B4A8900DB0932 /* Icon-App-83.5x83.5@2x.png */,
				10706DA21E0B4A8900DB0932 /* Icon-Small-50x50@1x.png */,
				10706DA31E0B4A8900DB0932 /* Icon-Small-50x50@2x.png */,
			);
			path = AppIcon.appiconset;
			sourceTree = "<group>";
		};
/* End PBXGroup section */

/* Begin PBXNativeTarget section */
		103939F71E08DF710089F9E4 /* Green Tile */ = {
			isa = PBXNativeTarget;
			buildConfigurationList = 10393A231E08DF720089F9E4 /* Build configuration list for PBXNativeTarget "Green Tile" */;
			buildPhases = (
				103939F41E08DF710089F9E4 /* Sources */,
				103939F51E08DF710089F9E4 /* Frameworks */,
				103939F61E08DF710089F9E4 /* Resources */,
			);
			buildRules = (
			);
			dependencies = (
			);
			name = "Green Tile";
			productName = "Green Tile";
			productReference = 103939F81E08DF710089F9E4 /* Green Tile.app */;
			productType = "com.apple.product-type.application";
		};
		10393A0E1E08DF720089F9E4 /* Green TileTests */ = {
			isa = PBXNativeTarget;
			buildConfigurationList = 10393A261E08DF720089F9E4 /* Build configuration list for PBXNativeTarget "Green TileTests" */;
			buildPhases = (
				10393A0B1E08DF720089F9E4 /* Sources */,
				10393A0C1E08DF720089F9E4 /* Frameworks */,
				10393A0D1E08DF720089F9E4 /* Resources */,
			);
			buildRules = (
			);
			dependencies = (
				10393A111E08DF720089F9E4 /* PBXTargetDependency */,
			);
			name = "Green TileTests";
			productName = "Green TileTests";
			productReference = 10393A0F1E08DF720089F9E4 /* Green TileTests.xctest */;
			productType = "com.apple.product-type.bundle.unit-test";
		};
		10393A191E08DF720089F9E4 /* Green TileUITests */ = {
			isa = PBXNativeTarget;
			buildConfigurationList = 10393A291E08DF720089F9E4 /* Build configuration list for PBXNativeTarget "Green TileUITests" */;
			buildPhases = (
				10393A161E08DF720089F9E4 /* Sources */,
				10393A171E08DF720089F9E4 /* Frameworks */,
				10393A181E08DF720089F9E4 /* Resources */,
			);
			buildRules = (
			);
			dependencies = (
				10393A1C1E08DF720089F9E4 /* PBXTargetDependency */,
			);
			name = "Green TileUITests";
			productName = "Green TileUITests";
			productReference = 10393A1A1E08DF720089F9E4 /* Green TileUITests.xctest */;
			productType = "com.apple.product-type.bundle.ui-testing";
		};
/* End PBXNativeTarget section */

/* Begin PBXProject section */
		103939F01E08DF710089F9E4 /* Project object */ = {
			isa = PBXProject;
			attributes = {
				LastSwiftUpdateCheck = 0820;
				LastUpgradeCheck = 0820;
				ORGANIZATIONNAME = Xision;
				TargetAttributes = {
					103939F71E08DF710089F9E4 = {
						CreatedOnToolsVersion = 8.2;
						DevelopmentTeam = SS74D43GDA;
						ProvisioningStyle = Automatic;
					};
					10393A0E1E08DF720089F9E4 = {
						CreatedOnToolsVersion = 8.2;
						DevelopmentTeam = SS74D43GDA;
						ProvisioningStyle = Automatic;
						TestTargetID = 103939F71E08DF710089F9E4;
					};
					10393A191E08DF720089F9E4 = {
						CreatedOnToolsVersion = 8.2;
						DevelopmentTeam = SS74D43GDA;
						ProvisioningStyle = Automatic;
						TestTargetID = 103939F71E08DF710089F9E4;
					};
				};
			};
			buildConfigurationList = 103939F31E08DF710089F9E4 /* Build configuration list for PBXProject "Green Tile" */;
			compatibilityVersion = "Xcode 3.2";
			developmentRegion = English;
			hasScannedForEncodings = 0;
			knownRegions = (
				en,
				Base,
			);
			mainGroup = 103939EF1E08DF710089F9E4;
			productRefGroup = 103939F91E08DF710089F9E4 /* Products */;
			projectDirPath = "";
			projectRoot = "";
			targets = (
				103939F71E08DF710089F9E4 /* Green Tile */,
				10393A0E1E08DF720089F9E4 /* Green TileTests */,
				10393A191E08DF720089F9E4 /* Green TileUITests */,
			);
		};
/* End PBXProject section */

/* Begin PBXResourcesBuildPhase section */
		103939F61E08DF710089F9E4 /* Resources */ = {
			isa = PBXResourcesBuildPhase;
			buildActionMask = 2147483647;
			files = (
				10706DBA1E0B4A8900DB0932 /* icon-messages-transcript-32x24@3x.png in Resources */,
				10706DB81E0B4A8900DB0932 /* icon-messages-transcript-32x24@1x.png in Resources */,
				10706DC61E0B4A8900DB0932 /* Icon-App-57x57@2x.png in Resources */,
				10393A091E08DF710089F9E4 /* LaunchScreen.storyboard in Resources */,
				10706DB01E0B4A8900DB0932 /* icon-messages-app-27x20@2x.png in Resources */,
				10706DAB1E0B4A8900DB0932 /* ic_launcher.png in Resources */,
				10706DD41E0B4A8900DB0932 /* iTunesArtwork@3x.png in Resources */,
				10706DC91E0B4A8900DB0932 /* Icon-App-60x60@3x.png in Resources */,
				10706DCA1E0B4A8900DB0932 /* Icon-App-72x72@1x.png in Resources */,
				10706DBB1E0B4A8900DB0932 /* Contents.json in Resources */,
				10706DA81E0B4A8900DB0932 /* ic_launcher.png in Resources */,
				10706DC81E0B4A8900DB0932 /* Icon-App-60x60@2x.png in Resources */,
				10393A061E08DF710089F9E4 /* Assets.xcassets in Resources */,
				10393A391E08F8B00089F9E4 /* wrong.mp3 in Resources */,
				10393A3A1E08F8B00089F9E4 /* correct.mp3 in Resources */,
				10706DAE1E0B4A8900DB0932 /* playstore-icon.png in Resources */,
				10706DA91E0B4A8900DB0932 /* ic_launcher.png in Resources */,
				10706DD31E0B4A8900DB0932 /* iTunesArtwork@2x.png in Resources */,
				10706DB91E0B4A8900DB0932 /* icon-messages-transcript-32x24@2x.png in Resources */,
				10706DC41E0B4A8900DB0932 /* Icon-App-40x40@3x.png in Resources */,
				10706DBC1E0B4A8900DB0932 /* Icon-App-20x20@1x.png in Resources */,
				10706DCF1E0B4A8900DB0932 /* Icon-App-83.5x83.5@2x.png in Resources */,
				10706DB51E0B4A8900DB0932 /* icon-messages-app-iPhone-60x45@2x.png in Resources */,
				10706DC31E0B4A8900DB0932 /* Icon-App-40x40@2x.png in Resources */,
				10706DBF1E0B4A8900DB0932 /* Icon-App-29x29@1x.png in Resources */,
				10706DC71E0B4A8900DB0932 /* Icon-App-60x60@1x.png in Resources */,
				10706DCC1E0B4A8900DB0932 /* Icon-App-76x76@1x.png in Resources */,
				10706DAD1E0B4A8900DB0932 /* ic_launcher.png in Resources */,
				10393A011E08DF710089F9E4 /* Main.storyboard in Resources */,
				10706DD11E0B4A8900DB0932 /* Icon-Small-50x50@2x.png in Resources */,
				10706DB41E0B4A8900DB0932 /* icon-messages-app-iPhone-60x45@1x.png in Resources */,
				10706DAA1E0B4A8900DB0932 /* ic_launcher.png in Resources */,
				10706DD01E0B4A8900DB0932 /* Icon-Small-50x50@1x.png in Resources */,
				10706DCB1E0B4A8900DB0932 /* Icon-App-72x72@2x.png in Resources */,
				10706DC01E0B4A8900DB0932 /* Icon-App-29x29@2x.png in Resources */,
				10706DC21E0B4A8900DB0932 /* Icon-App-40x40@1x.png in Resources */,
				10706DD21E0B4A8900DB0932 /* iTunesArtwork@1x.png in Resources */,
				10706DB71E0B4A8900DB0932 /* icon-messages-app-store-1024x768.png in Resources */,
				10706DAC1E0B4A8900DB0932 /* ic_launcher.png in Resources */,
				10706DB21E0B4A8900DB0932 /* icon-messages-app-iPadAir-67x50@2x.png in Resources */,
				10706DC51E0B4A8900DB0932 /* Icon-App-57x57@1x.png in Resources */,
				10706DC11E0B4A8900DB0932 /* Icon-App-29x29@3x.png in Resources */,
				10706DB11E0B4A8900DB0932 /* icon-messages-app-27x20@3x.png in Resources */,
				10706DCE1E0B4A8900DB0932 /* Icon-App-76x76@3x.png in Resources */,
				10706DCD1E0B4A8900DB0932 /* Icon-App-76x76@2x.png in Resources */,
				10706DBE1E0B4A8900DB0932 /* Icon-App-20x20@3x.png in Resources */,
				10706DBD1E0B4A8900DB0932 /* Icon-App-20x20@2x.png in Resources */,
				10706DAF1E0B4A8900DB0932 /* icon-messages-app-27x20@1x.png in Resources */,
				10706DB31E0B4A8900DB0932 /* icon-messages-app-iPadAir-74x55@2x.png in Resources */,
				10706DB61E0B4A8900DB0932 /* icon-messages-app-iPhone-60x45@3x.png in Resources */,
			);
			runOnlyForDeploymentPostprocessing = 0;
		};
		10393A0D1E08DF720089F9E4 /* Resources */ = {
			isa = PBXResourcesBuildPhase;
			buildActionMask = 2147483647;
			files = (
			);
			runOnlyForDeploymentPostprocessing = 0;
		};
		10393A181E08DF720089F9E4 /* Resources */ = {
			isa = PBXResourcesBuildPhase;
			buildActionMask = 2147483647;
			files = (
			);
			runOnlyForDeploymentPostprocessing = 0;
		};
/* End PBXResourcesBuildPhase section */

/* Begin PBXSourcesBuildPhase section */
		103939F41E08DF710089F9E4 /* Sources */ = {
			isa = PBXSourcesBuildPhase;
			buildActionMask = 2147483647;
			files = (
				10393A2D1E08E3260089F9E4 /* GameViewController.swift in Sources */,
				10393A2F1E08E3320089F9E4 /* EndViewController.swift in Sources */,
				103939FE1E08DF710089F9E4 /* ViewController.swift in Sources */,
				10706DD51E0B4A8900DB0932 /* README.md in Sources */,
				10393A311E08E5E70089F9E4 /* CellController.swift in Sources */,
				103939FC1E08DF710089F9E4 /* AppDelegate.swift in Sources */,
				10393A041E08DF710089F9E4 /* Green_Tile.xcdatamodeld in Sources */,
			);
			runOnlyForDeploymentPostprocessing = 0;
		};
		10393A0B1E08DF720089F9E4 /* Sources */ = {
			isa = PBXSourcesBuildPhase;
			buildActionMask = 2147483647;
			files = (
				10393A141E08DF720089F9E4 /* Green_TileTests.swift in Sources */,
			);
			runOnlyForDeploymentPostprocessing = 0;
		};
		10393A161E08DF720089F9E4 /* Sources */ = {
			isa = PBXSourcesBuildPhase;
			buildActionMask = 2147483647;
			files = (
				10393A1F1E08DF720089F9E4 /* Green_TileUITests.swift in Sources */,
			);
			runOnlyForDeploymentPostprocessing = 0;
		};
/* End PBXSourcesBuildPhase section */

/* Begin PBXTargetDependency section */
		10393A111E08DF720089F9E4 /* PBXTargetDependency */ = {
			isa = PBXTargetDependency;
			target = 103939F71E08DF710089F9E4 /* Green Tile */;
			targetProxy = 10393A101E08DF720089F9E4 /* PBXContainerItemProxy */;
		};
		10393A1C1E08DF720089F9E4 /* PBXTargetDependency */ = {
			isa = PBXTargetDependency;
			target = 103939F71E08DF710089F9E4 /* Green Tile */;
			targetProxy = 10393A1B1E08DF720089F9E4 /* PBXContainerItemProxy */;
		};
/* End PBXTargetDependency section */

/* Begin PBXVariantGroup section */
		103939FF1E08DF710089F9E4 /* Main.storyboard */ = {
			isa = PBXVariantGroup;
			children = (
				10393A001E08DF710089F9E4 /* Base */,
			);
			name = Main.storyboard;
			sourceTree = "<group>";
		};
		10393A071E08DF710089F9E4 /* LaunchScreen.storyboard */ = {
			isa = PBXVariantGroup;
			children = (
				10393A081E08DF710089F9E4 /* Base */,
			);
			name = LaunchScreen.storyboard;
			sourceTree = "<group>";
		};
/* End PBXVariantGroup section */

/* Begin XCBuildConfiguration section */
		10393A211E08DF720089F9E4 /* Debug */ = {
			isa = XCBuildConfiguration;
			buildSettings = {
				ALWAYS_SEARCH_USER_PATHS = NO;
				CLANG_ANALYZER_NONNULL = YES;
				CLANG_CXX_LANGUAGE_STANDARD = "gnu++0x";
				CLANG_CXX_LIBRARY = "libc++";
				CLANG_ENABLE_MODULES = YES;
				CLANG_ENABLE_OBJC_ARC = YES;
				CLANG_WARN_BOOL_CONVERSION = YES;
				CLANG_WARN_CONSTANT_CONVERSION = YES;
				CLANG_WARN_DIRECT_OBJC_ISA_USAGE = YES_ERROR;
				CLANG_WARN_DOCUMENTATION_COMMENTS = YES;
				CLANG_WARN_EMPTY_BODY = YES;
				CLANG_WARN_ENUM_CONVERSION = YES;
				CLANG_WARN_INFINITE_RECURSION = YES;
				CLANG_WARN_INT_CONVERSION = YES;
				CLANG_WARN_OBJC_ROOT_CLASS = YES_ERROR;
				CLANG_WARN_SUSPICIOUS_MOVE = YES;
				CLANG_WARN_UNREACHABLE_CODE = YES;
				CLANG_WARN__DUPLICATE_METHOD_MATCH = YES;
				"CODE_SIGN_IDENTITY[sdk=iphoneos*]" = "iPhone Developer";
				COPY_PHASE_STRIP = NO;
				DEBUG_INFORMATION_FORMAT = dwarf;
				ENABLE_STRICT_OBJC_MSGSEND = YES;
				ENABLE_TESTABILITY = YES;
				GCC_C_LANGUAGE_STANDARD = gnu99;
				GCC_DYNAMIC_NO_PIC = NO;
				GCC_NO_COMMON_BLOCKS = YES;
				GCC_OPTIMIZATION_LEVEL = 0;
				GCC_PREPROCESSOR_DEFINITIONS = (
					"DEBUG=1",
					"$(inherited)",
				);
				GCC_WARN_64_TO_32_BIT_CONVERSION = YES;
				GCC_WARN_ABOUT_RETURN_TYPE = YES_ERROR;
				GCC_WARN_UNDECLARED_SELECTOR = YES;
				GCC_WARN_UNINITIALIZED_AUTOS = YES_AGGRESSIVE;
				GCC_WARN_UNUSED_FUNCTION = YES;
				GCC_WARN_UNUSED_VARIABLE = YES;
				IPHONEOS_DEPLOYMENT_TARGET = 10.2;
				MTL_ENABLE_DEBUG_INFO = YES;
				ONLY_ACTIVE_ARCH = YES;
				SDKROOT = iphoneos;
				SWIFT_ACTIVE_COMPILATION_CONDITIONS = DEBUG;
				SWIFT_OPTIMIZATION_LEVEL = "-Onone";
				TARGETED_DEVICE_FAMILY = "1,2";
			};
			name = Debug;
		};
		10393A221E08DF720089F9E4 /* Release */ = {
			isa = XCBuildConfiguration;
			buildSettings = {
				ALWAYS_SEARCH_USER_PATHS = NO;
				CLANG_ANALYZER_NONNULL = YES;
				CLANG_CXX_LANGUAGE_STANDARD = "gnu++0x";
				CLANG_CXX_LIBRARY = "libc++";
				CLANG_ENABLE_MODULES = YES;
				CLANG_ENABLE_OBJC_ARC = YES;
				CLANG_WARN_BOOL_CONVERSION = YES;
				CLANG_WARN_CONSTANT_CONVERSION = YES;
				CLANG_WARN_DIRECT_OBJC_ISA_USAGE = YES_ERROR;
				CLANG_WARN_DOCUMENTATION_COMMENTS = YES;
				CLANG_WARN_EMPTY_BODY = YES;
				CLANG_WARN_ENUM_CONVERSION = YES;
				CLANG_WARN_INFINITE_RECURSION = YES;
				CLANG_WARN_INT_CONVERSION = YES;
				CLANG_WARN_OBJC_ROOT_CLASS = YES_ERROR;
				CLANG_WARN_SUSPICIOUS_MOVE = YES;
				CLANG_WARN_UNREACHABLE_CODE = YES;
				CLANG_WARN__DUPLICATE_METHOD_MATCH = YES;
				"CODE_SIGN_IDENTITY[sdk=iphoneos*]" = "iPhone Developer";
				COPY_PHASE_STRIP = NO;
				DEBUG_INFORMATION_FORMAT = "dwarf-with-dsym";
				ENABLE_NS_ASSERTIONS = NO;
				ENABLE_STRICT_OBJC_MSGSEND = YES;
				GCC_C_LANGUAGE_STANDARD = gnu99;
				GCC_NO_COMMON_BLOCKS = YES;
				GCC_WARN_64_TO_32_BIT_CONVERSION = YES;
				GCC_WARN_ABOUT_RETURN_TYPE = YES_ERROR;
				GCC_WARN_UNDECLARED_SELECTOR = YES;
				GCC_WARN_UNINITIALIZED_AUTOS = YES_AGGRESSIVE;
				GCC_WARN_UNUSED_FUNCTION = YES;
				GCC_WARN_UNUSED_VARIABLE = YES;
				IPHONEOS_DEPLOYMENT_TARGET = 10.2;
				MTL_ENABLE_DEBUG_INFO = NO;
				SDKROOT = iphoneos;
				SWIFT_OPTIMIZATION_LEVEL = "-Owholemodule";
				TARGETED_DEVICE_FAMILY = "1,2";
				VALIDATE_PRODUCT = YES;
			};
			name = Release;
		};
		10393A241E08DF720089F9E4 /* Debug */ = {
			isa = XCBuildConfiguration;
			buildSettings = {
				ASSETCATALOG_COMPILER_APPICON_NAME = AppIcon;
				DEVELOPMENT_TEAM = SS74D43GDA;
				INFOPLIST_FILE = "Green Tile/Info.plist";
				LD_RUNPATH_SEARCH_PATHS = "$(inherited) @executable_path/Frameworks";
				PRODUCT_BUNDLE_IDENTIFIER = "XisionStudios.Green-Tile";
				PRODUCT_NAME = "$(TARGET_NAME)";
				SWIFT_VERSION = 3.0;
			};
			name = Debug;
		};
		10393A251E08DF720089F9E4 /* Release */ = {
			isa = XCBuildConfiguration;
			buildSettings = {
				ASSETCATALOG_COMPILER_APPICON_NAME = AppIcon;
				DEVELOPMENT_TEAM = SS74D43GDA;
				INFOPLIST_FILE = "Green Tile/Info.plist";
				LD_RUNPATH_SEARCH_PATHS = "$(inherited) @executable_path/Frameworks";
				PRODUCT_BUNDLE_IDENTIFIER = "XisionStudios.Green-Tile";
				PRODUCT_NAME = "$(TARGET_NAME)";
				SWIFT_VERSION = 3.0;
			};
			name = Release;
		};
		10393A271E08DF720089F9E4 /* Debug */ = {
			isa = XCBuildConfiguration;
			buildSettings = {
				ALWAYS_EMBED_SWIFT_STANDARD_LIBRARIES = YES;
				BUNDLE_LOADER = "$(TEST_HOST)";
				DEVELOPMENT_TEAM = SS74D43GDA;
				INFOPLIST_FILE = "Green TileTests/Info.plist";
				LD_RUNPATH_SEARCH_PATHS = "$(inherited) @executable_path/Frameworks @loader_path/Frameworks";
				PRODUCT_BUNDLE_IDENTIFIER = "XisionStudios.Green-TileTests";
				PRODUCT_NAME = "$(TARGET_NAME)";
				SWIFT_VERSION = 3.0;
				TEST_HOST = "$(BUILT_PRODUCTS_DIR)/Green Tile.app/Green Tile";
			};
			name = Debug;
		};
		10393A281E08DF720089F9E4 /* Release */ = {
			isa = XCBuildConfiguration;
			buildSettings = {
				ALWAYS_EMBED_SWIFT_STANDARD_LIBRARIES = YES;
				BUNDLE_LOADER = "$(TEST_HOST)";
				DEVELOPMENT_TEAM = SS74D43GDA;
				INFOPLIST_FILE = "Green TileTests/Info.plist";
				LD_RUNPATH_SEARCH_PATHS = "$(inherited) @executable_path/Frameworks @loader_path/Frameworks";
				PRODUCT_BUNDLE_IDENTIFIER = "XisionStudios.Green-TileTests";
				PRODUCT_NAME = "$(TARGET_NAME)";
				SWIFT_VERSION = 3.0;
				TEST_HOST = "$(BUILT_PRODUCTS_DIR)/Green Tile.app/Green Tile";
			};
			name = Release;
		};
		10393A2A1E08DF720089F9E4 /* Debug */ = {
			isa = XCBuildConfiguration;
			buildSettings = {
				ALWAYS_EMBED_SWIFT_STANDARD_LIBRARIES = YES;
				DEVELOPMENT_TEAM = SS74D43GDA;
				INFOPLIST_FILE = "Green TileUITests/Info.plist";
				LD_RUNPATH_SEARCH_PATHS = "$(inherited) @executable_path/Frameworks @loader_path/Frameworks";
				PRODUCT_BUNDLE_IDENTIFIER = "XisionStudios.Green-TileUITests";
				PRODUCT_NAME = "$(TARGET_NAME)";
				SWIFT_VERSION = 3.0;
				TEST_TARGET_NAME = "Green Tile";
			};
			name = Debug;
		};
		10393A2B1E08DF720089F9E4 /* Release */ = {
			isa = XCBuildConfiguration;
			buildSettings = {
				ALWAYS_EMBED_SWIFT_STANDARD_LIBRARIES = YES;
				DEVELOPMENT_TEAM = SS74D43GDA;
				INFOPLIST_FILE = "Green TileUITests/Info.plist";
				LD_RUNPATH_SEARCH_PATHS = "$(inherited) @executable_path/Frameworks @loader_path/Frameworks";
				PRODUCT_BUNDLE_IDENTIFIER = "XisionStudios.Green-TileUITests";
				PRODUCT_NAME = "$(TARGET_NAME)";
				SWIFT_VERSION = 3.0;
				TEST_TARGET_NAME = "Green Tile";
			};
			name = Release;
		};
/* End XCBuildConfiguration section */

/* Begin XCConfigurationList section */
		103939F31E08DF710089F9E4 /* Build configuration list for PBXProject "Green Tile" */ = {
			isa = XCConfigurationList;
			buildConfigurations = (
				10393A211E08DF720089F9E4 /* Debug */,
				10393A221E08DF720089F9E4 /* Release */,
			);
			defaultConfigurationIsVisible = 0;
			defaultConfigurationName = Release;
		};
		10393A231E08DF720089F9E4 /* Build configuration list for PBXNativeTarget "Green Tile" */ = {
			isa = XCConfigurationList;
			buildConfigurations = (
				10393A241E08DF720089F9E4 /* Debug */,
				10393A251E08DF720089F9E4 /* Release */,
			);
			defaultConfigurationIsVisible = 0;
			defaultConfigurationName = Release;
		};
		10393A261E08DF720089F9E4 /* Build configuration list for PBXNativeTarget "Green TileTests" */ = {
			isa = XCConfigurationList;
			buildConfigurations = (
				10393A271E08DF720089F9E4 /* Debug */,
				10393A281E08DF720089F9E4 /* Release */,
			);
			defaultConfigurationIsVisible = 0;
			defaultConfigurationName = Release;
		};
		10393A291E08DF720089F9E4 /* Build configuration list for PBXNativeTarget "Green TileUITests" */ = {
			isa = XCConfigurationList;
			buildConfigurations = (
				10393A2A1E08DF720089F9E4 /* Debug */,
				10393A2B1E08DF720089F9E4 /* Release */,
			);
			defaultConfigurationIsVisible = 0;
			defaultConfigurationName = Release;
		};
/* End XCConfigurationList section */

/* Begin XCVersionGroup section */
		10393A021E08DF710089F9E4 /* Green_Tile.xcdatamodeld */ = {
			isa = XCVersionGroup;
			children = (
				10393A031E08DF710089F9E4 /* Green_Tile.xcdatamodel */,
			);
			currentVersion = 10393A031E08DF710089F9E4 /* Green_Tile.xcdatamodel */;
			path = Green_Tile.xcdatamodeld;
			sourceTree = "<group>";
			versionGroupType = wrapper.xcdatamodel;
		};
/* End XCVersionGroup section */
	};
	rootObject = 103939F01E08DF710089F9E4 /* Project object */;
}
